
Microsoft Visual Studio Solution File, Format Version 12.00
# Visual Studio 2012
Project("{FAE04EC0-301F-11D3-BF4B-00C04F79EFBC}") = "MQ163Service", "MQ163Service\MQ163Service.csproj", "{5B102DE4-C41F-4221-AF27-F1635FE8207C}"
EndProject
Project("{FAE04EC0-301F-11D3-BF4B-00C04F79EFBC}") = "MQ163Service.Tests", "MQ163Service.Tests\MQ163Service.Tests.csproj", "{7F28F2B8-DC21-4FBD-8ACE-BC50FD6178BF}"
EndProject
Global
	GlobalSection(SolutionConfigurationPlatforms) = preSolution
		Debug|Any CPU = Debug|Any CPU
		Release|Any CPU = Release|Any CPU
	EndGlobalSection
	GlobalSection(ProjectConfigurationPlatforms) = postSolution
		{5B102DE4-C41F-4221-AF27-F1635FE8207C}.Debug|Any CPU.ActiveCfg = Debug|Any CPU
		{5B102DE4-C41F-4221-AF27-F1635FE8207C}.Debug|Any CPU.Build.0 = Debug|Any CPU
		{5B102DE4-C41F-4221-AF27-F1635FE8207C}.Release|Any CPU.ActiveCfg = Release|Any CPU
		{5B102DE4-C41F-4221-AF27-F1635FE8207C}.Release|Any CPU.Build.0 = Release|Any CPU
		{7F28F2B8-DC21-4FBD-8ACE-BC50FD6178BF}.Debug|Any CPU.ActiveCfg = Debug|Any CPU
		{7F28F2B8-DC21-4FBD-8ACE-BC50FD6178BF}.Debug|Any CPU.Build.0 = Debug|Any CPU
		{7F28F2B8-DC21-4FBD-8ACE-BC50FD6178BF}.Release|Any CPU.ActiveCfg = Release|Any CPU
		{7F28F2B8-DC21-4FBD-8ACE-BC50FD6178BF}.Release|Any CPU.Build.0 = Release|Any CPU
	EndGlobalSection
	GlobalSection(SolutionProperties) = preSolution
		HideSolutionNode = FALSE
	EndGlobalSection
EndGlobal
